
Microsoft Visual Studio Solution File, Format Version 12.00
# Visual Studio 15
VisualStudioVersion = 15.0.27428.2043
MinimumVisualStudioVersion = 10.0.40219.1
Project("{FAE04EC0-301F-11D3-BF4B-00C04F79EFBC}") = "StackHeap", "StackHeap\StackHeap.csproj", "{6C3A609D-9452-487C-8067-694CE260A925}"
EndProject
Global
	GlobalSection(SolutionConfigurationPlatforms) = preSolution
		Debug|Any CPU = Debug|Any CPU
		Release|Any CPU = Release|Any CPU
	EndGlobalSection
	GlobalSection(ProjectConfigurationPlatforms) = postSolution
		{6C3A609D-9452-487C-8067-694CE260A925}.Debug|Any CPU.ActiveCfg = Debug|Any CPU
		{6C3A609D-9452-487C-8067-694CE260A925}.Debug|Any CPU.Build.0 = Debug|Any CPU
		{6C3A609D-9452-487C-8067-694CE260A925}.Release|Any CPU.ActiveCfg = Release|Any CPU
		{6C3A609D-9452-487C-8067-694CE260A925}.Release|Any CPU.Build.0 = Release|Any CPU
	EndGlobalSection
	GlobalSection(SolutionProperties) = preSolution
		HideSolutionNode = FALSE
	EndGlobalSection
	GlobalSection(ExtensibilityGlobals) = postSolution
		SolutionGuid = {95B2AF99-15CA-489A-9FE7-EA8EFCBE815F}
	EndGlobalSection
EndGlobal
